
Microsoft Visual Studio Solution File, Format Version 11.00
# Visual Studio 2010
Project("{8BC9CEB8-8B4A-11D0-8D11-00A0C91BC942}") = "qt_audio", "qt_audio.vcxproj", "{D6F1DFAC-BFAC-3201-A696-F9E12F5D3392}"
EndProject
Project("{8BC9CEB8-8B4A-11D0-8D11-00A0C91BC942}") = "SoundProcessorTest", "..\SoundProcessorTest\SoundProcessorTest.vcxproj", "{3256C8F1-95CE-494E-A05E-0830F8F4D497}"
EndProject
Global
	GlobalSection(SolutionConfigurationPlatforms) = preSolution
		Debug|Win32 = Debug|Win32
		Release|Win32 = Release|Win32
	EndGlobalSection
	GlobalSection(ProjectConfigurationPlatforms) = postSolution
		{D6F1DFAC-BFAC-3201-A696-F9E12F5D3392}.Debug|Win32.ActiveCfg = Debug|Win32
		{D6F1DFAC-BFAC-3201-A696-F9E12F5D3392}.Debug|Win32.Build.0 = Debug|Win32
		{D6F1DFAC-BFAC-3201-A696-F9E12F5D3392}.Release|Win32.ActiveCfg = Release|Win32
		{D6F1DFAC-BFAC-3201-A696-F9E12F5D3392}.Release|Win32.Build.0 = Release|Win32
		{3256C8F1-95CE-494E-A05E-0830F8F4D497}.Debug|Win32.ActiveCfg = Debug|Win32
		{3256C8F1-95CE-494E-A05E-0830F8F4D497}.Debug|Win32.Build.0 = Debug|Win32
		{3256C8F1-95CE-494E-A05E-0830F8F4D497}.Release|Win32.ActiveCfg = Release|Win32
		{3256C8F1-95CE-494E-A05E-0830F8F4D497}.Release|Win32.Build.0 = Release|Win32
	EndGlobalSection
	GlobalSection(SolutionProperties) = preSolution
		HideSolutionNode = FALSE
	EndGlobalSection
EndGlobal
